
Microsoft Visual Studio Solution File, Format Version 12.00
# Visual Studio Version 16
VisualStudioVersion = 16.0.32126.315
MinimumVisualStudioVersion = 10.0.40219.1
Project("{FAE04EC0-301F-11D3-BF4B-00C04F79EFBC}") = "Dummy.Service.Diabisa", "Dummy.Service.Diabisa\Dummy.Service.Diabisa.csproj", "{C4F75B77-1C69-4B09-93EB-0A2FC71BF0EC}"
EndProject
Global
	GlobalSection(SolutionConfigurationPlatforms) = preSolution
		Debug|Any CPU = Debug|Any CPU
		Release|Any CPU = Release|Any CPU
	EndGlobalSection
	GlobalSection(ProjectConfigurationPlatforms) = postSolution
		{C4F75B77-1C69-4B09-93EB-0A2FC71BF0EC}.Debug|Any CPU.ActiveCfg = Debug|Any CPU
		{C4F75B77-1C69-4B09-93EB-0A2FC71BF0EC}.Debug|Any CPU.Build.0 = Debug|Any CPU
		{C4F75B77-1C69-4B09-93EB-0A2FC71BF0EC}.Release|Any CPU.ActiveCfg = Release|Any CPU
		{C4F75B77-1C69-4B09-93EB-0A2FC71BF0EC}.Release|Any CPU.Build.0 = Release|Any CPU
	EndGlobalSection
	GlobalSection(SolutionProperties) = preSolution
		HideSolutionNode = FALSE
	EndGlobalSection
	GlobalSection(ExtensibilityGlobals) = postSolution
		SolutionGuid = {0B61B8DA-7C99-4379-A81E-DD4611B6BCB4}
	EndGlobalSection
EndGlobal
